
Microsoft Visual Studio Solution File, Format Version 12.00
# Visual Studio Version 16
VisualStudioVersion = 16.0.34031.81
MinimumVisualStudioVersion = 10.0.40219.1
Project("{2150E333-8FDC-42A3-9474-1A3956D46DE8}") = "Task0", "Task0", "{3C46DB4E-8277-4301-9A1A-A9E3DBB222EF}"
EndProject
Project("{FAE04EC0-301F-11D3-BF4B-00C04F79EFBC}") = "Tyuiu.SorokinMA.Sprint6.Task0.V1.Lib", "Tyuiu.SorokinMA.Sprint6.Task0.V1.Lib\Tyuiu.SorokinMA.Sprint6.Task0.V1.Lib.csproj", "{96268CBF-1691-4FC1-A1F0-3D318BC39950}"
EndProject
Project("{FAE04EC0-301F-11D3-BF4B-00C04F79EFBC}") = "Tyuiu.SorokinMA.Sprint6.Task0.V1.Test", "Tyuiu.SorokinMA.Sprint6.Task0.V1.Test\Tyuiu.SorokinMA.Sprint6.Task0.V1.Test.csproj", "{8752429E-E681-4776-8A9A-FAB7DBE42F2A}"
EndProject
Project("{FAE04EC0-301F-11D3-BF4B-00C04F79EFBC}") = "Tyuiu.SorokinMA.Sprint6.Task0.V1", "Tyuiu.SorokinMA.Sprint6.Task0.V1\Tyuiu.SorokinMA.Sprint6.Task0.V1.csproj", "{880CC344-1220-4399-98F7-63648E3C4830}"
EndProject
Project("{2150E333-8FDC-42A3-9474-1A3956D46DE8}") = "Task1", "Task1", "{FF93B06A-AAFE-4F0A-8FD0-0238CE22FEBE}"
EndProject
Project("{FAE04EC0-301F-11D3-BF4B-00C04F79EFBC}") = "Tyuiu.SorokinMA.Sprint6.Task1.V18", "Tyuiu.SorokinMA.Sprint6.Task1.V18\Tyuiu.SorokinMA.Sprint6.Task1.V18.csproj", "{F08BFF16-FFBE-45F5-BC76-220B9DFD7FFF}"
EndProject
Project("{FAE04EC0-301F-11D3-BF4B-00C04F79EFBC}") = "Tyuiu.SorokinMA.Sprint6.Task1.V18.Lib", "Tyuiu.SorokinMA.Sprint6.Task1.V18.Lib\Tyuiu.SorokinMA.Sprint6.Task1.V18.Lib.csproj", "{46BE97B1-BDC2-4F87-A114-BB66F47D9ABB}"
EndProject
Project("{FAE04EC0-301F-11D3-BF4B-00C04F79EFBC}") = "Tyuiu.SorokinMA.Sprint6.Task1.V18.Test", "Tyuiu.SorokinMA.Sprint6.Task1.V18.Test\Tyuiu.SorokinMA.Sprint6.Task1.V18.Test.csproj", "{F091333A-4BC7-4E57-A110-6FEC6AC96347}"
EndProject
Project("{FAE04EC0-301F-11D3-BF4B-00C04F79EFBC}") = "Tyuiu.SorokinMA.Sprint6.Task2.V30", "Tyuiu.SorokinMA.Sprint6.Task2.V30\Tyuiu.SorokinMA.Sprint6.Task2.V30.csproj", "{2B7319AB-4259-4888-9914-71D85FE5E6F2}"
EndProject
Project("{2150E333-8FDC-42A3-9474-1A3956D46DE8}") = "Task2", "Task2", "{E2B7471F-7AF2-43CB-9E32-5483AD3D8406}"
EndProject
Project("{FAE04EC0-301F-11D3-BF4B-00C04F79EFBC}") = "Tyuiu.SorokinMA.Sprint6.Task2.V30.Lib", "Tyuiu.SorokinMA.Sprint6.Task2.V30.Lib\Tyuiu.SorokinMA.Sprint6.Task2.V30.Lib.csproj", "{8849A011-D374-43B3-B11C-51BA7F66585F}"
EndProject
Project("{FAE04EC0-301F-11D3-BF4B-00C04F79EFBC}") = "Tyuiu.SorokinMA.Sprint6.Task2.V30.Test", "Tyuiu.SorokinMA.Sprint6.Task2.V30.Test\Tyuiu.SorokinMA.Sprint6.Task2.V30.Test.csproj", "{302D4FF3-9BE2-46AD-AEDA-B122728CBD5B}"
EndProject
Project("{2150E333-8FDC-42A3-9474-1A3956D46DE8}") = "Task3", "Task3", "{2DFD74E3-C619-4461-8003-11F30FEAC187}"
EndProject
Project("{FAE04EC0-301F-11D3-BF4B-00C04F79EFBC}") = "Tyuiu.SorokinMA.Sprint6.Task3.V28", "Tyuiu.SorokinMA.Sprint6.Task3.V28\Tyuiu.SorokinMA.Sprint6.Task3.V28.csproj", "{637B799B-BA2C-4B3F-83EB-F96D9AB1F4AD}"
EndProject
Project("{FAE04EC0-301F-11D3-BF4B-00C04F79EFBC}") = "Tyuiu.SorokinMA.Sprint6.Task3.V28.Lib", "Tyuiu.SorokinMA.Sprint6.Task3.V28.Lib\Tyuiu.SorokinMA.Sprint6.Task3.V28.Lib.csproj", "{89FD910A-5435-4132-8CE1-D08A40320650}"
EndProject
Project("{FAE04EC0-301F-11D3-BF4B-00C04F79EFBC}") = "Tyuiu.SorokinMA.Sprint6.Task3.V28.Test", "Tyuiu.SorokinMA.Sprint6.Task3.V28.Test\Tyuiu.SorokinMA.Sprint6.Task3.V28.Test.csproj", "{849A99C3-9828-409B-B72E-6E7EE67430A3}"
EndProject
Project("{2150E333-8FDC-42A3-9474-1A3956D46DE8}") = "Task4", "Task4", "{650BAD80-B8C7-43B6-92AA-8A491025F4E3}"
EndProject
Project("{FAE04EC0-301F-11D3-BF4B-00C04F79EFBC}") = "Tyuiu.SorokinMA.Sprint6.Task4.V27", "Tyuiu.SorokinMA.Sprint6.Task4.V27\Tyuiu.SorokinMA.Sprint6.Task4.V27.csproj", "{5EAC2CBC-12A5-4FE1-9958-E31845EAA472}"
EndProject
Project("{FAE04EC0-301F-11D3-BF4B-00C04F79EFBC}") = "Tyuiu.SorokinMA.Sprint6.Task4.V27.Lib", "Tyuiu.SorokinMA.Sprint6.Task4.V27.Lib\Tyuiu.SorokinMA.Sprint6.Task4.V27.Lib.csproj", "{31104D59-6D8D-459D-909C-BEAF6E189F77}"
EndProject
Project("{FAE04EC0-301F-11D3-BF4B-00C04F79EFBC}") = "Tyuiu.SorokinMA.Sprint6.Task4.V27.Test", "Tyuiu.SorokinMA.Sprint6.Task4.V27.Test\Tyuiu.SorokinMA.Sprint6.Task4.V27.Test.csproj", "{DDEA248F-27E0-494C-906D-289877C56658}"
EndProject
Global
	GlobalSection(SolutionConfigurationPlatforms) = preSolution
		Debug|Any CPU = Debug|Any CPU
		Release|Any CPU = Release|Any CPU
	EndGlobalSection
	GlobalSection(ProjectConfigurationPlatforms) = postSolution
		{96268CBF-1691-4FC1-A1F0-3D318BC39950}.Debug|Any CPU.ActiveCfg = Debug|Any CPU
		{96268CBF-1691-4FC1-A1F0-3D318BC39950}.Debug|Any CPU.Build.0 = Debug|Any CPU
		{96268CBF-1691-4FC1-A1F0-3D318BC39950}.Release|Any CPU.ActiveCfg = Release|Any CPU
		{96268CBF-1691-4FC1-A1F0-3D318BC39950}.Release|Any CPU.Build.0 = Release|Any CPU
		{8752429E-E681-4776-8A9A-FAB7DBE42F2A}.Debug|Any CPU.ActiveCfg = Debug|Any CPU
		{8752429E-E681-4776-8A9A-FAB7DBE42F2A}.Debug|Any CPU.Build.0 = Debug|Any CPU
		{8752429E-E681-4776-8A9A-FAB7DBE42F2A}.Release|Any CPU.ActiveCfg = Release|Any CPU
		{8752429E-E681-4776-8A9A-FAB7DBE42F2A}.Release|Any CPU.Build.0 = Release|Any CPU
		{880CC344-1220-4399-98F7-63648E3C4830}.Debug|Any CPU.ActiveCfg = Debug|Any CPU
		{880CC344-1220-4399-98F7-63648E3C4830}.Debug|Any CPU.Build.0 = Debug|Any CPU
		{880CC344-1220-4399-98F7-63648E3C4830}.Release|Any CPU.ActiveCfg = Release|Any CPU
		{880CC344-1220-4399-98F7-63648E3C4830}.Release|Any CPU.Build.0 = Release|Any CPU
		{F08BFF16-FFBE-45F5-BC76-220B9DFD7FFF}.Debug|Any CPU.ActiveCfg = Debug|Any CPU
		{F08BFF16-FFBE-45F5-BC76-220B9DFD7FFF}.Debug|Any CPU.Build.0 = Debug|Any CPU
		{F08BFF16-FFBE-45F5-BC76-220B9DFD7FFF}.Release|Any CPU.ActiveCfg = Release|Any CPU
		{F08BFF16-FFBE-45F5-BC76-220B9DFD7FFF}.Release|Any CPU.Build.0 = Release|Any CPU
		{46BE97B1-BDC2-4F87-A114-BB66F47D9ABB}.Debug|Any CPU.ActiveCfg = Debug|Any CPU
		{46BE97B1-BDC2-4F87-A114-BB66F47D9ABB}.Debug|Any CPU.Build.0 = Debug|Any CPU
		{46BE97B1-BDC2-4F87-A114-BB66F47D9ABB}.Release|Any CPU.ActiveCfg = Release|Any CPU
		{46BE97B1-BDC2-4F87-A114-BB66F47D9ABB}.Release|Any CPU.Build.0 = Release|Any CPU
		{F091333A-4BC7-4E57-A110-6FEC6AC96347}.Debug|Any CPU.ActiveCfg = Debug|Any CPU
		{F091333A-4BC7-4E57-A110-6FEC6AC96347}.Debug|Any CPU.Build.0 = Debug|Any CPU
		{F091333A-4BC7-4E57-A110-6FEC6AC96347}.Release|Any CPU.ActiveCfg = Release|Any CPU
		{F091333A-4BC7-4E57-A110-6FEC6AC96347}.Release|Any CPU.Build.0 = Release|Any CPU
		{2B7319AB-4259-4888-9914-71D85FE5E6F2}.Debug|Any CPU.ActiveCfg = Debug|Any CPU
		{2B7319AB-4259-4888-9914-71D85FE5E6F2}.Debug|Any CPU.Build.0 = Debug|Any CPU
		{2B7319AB-4259-4888-9914-71D85FE5E6F2}.Release|Any CPU.ActiveCfg = Release|Any CPU
		{2B7319AB-4259-4888-9914-71D85FE5E6F2}.Release|Any CPU.Build.0 = Release|Any CPU
		{8849A011-D374-43B3-B11C-51BA7F66585F}.Debug|Any CPU.ActiveCfg = Debug|Any CPU
		{8849A011-D374-43B3-B11C-51BA7F66585F}.Debug|Any CPU.Build.0 = Debug|Any CPU
		{8849A011-D374-43B3-B11C-51BA7F66585F}.Release|Any CPU.ActiveCfg = Release|Any CPU
		{8849A011-D374-43B3-B11C-51BA7F66585F}.Release|Any CPU.Build.0 = Release|Any CPU
		{302D4FF3-9BE2-46AD-AEDA-B122728CBD5B}.Debug|Any CPU.ActiveCfg = Debug|Any CPU
		{302D4FF3-9BE2-46AD-AEDA-B122728CBD5B}.Debug|Any CPU.Build.0 = Debug|Any CPU
		{302D4FF3-9BE2-46AD-AEDA-B122728CBD5B}.Release|Any CPU.ActiveCfg = Release|Any CPU
		{302D4FF3-9BE2-46AD-AEDA-B122728CBD5B}.Release|Any CPU.Build.0 = Release|Any CPU
		{637B799B-BA2C-4B3F-83EB-F96D9AB1F4AD}.Debug|Any CPU.ActiveCfg = Debug|Any CPU
		{637B799B-BA2C-4B3F-83EB-F96D9AB1F4AD}.Debug|Any CPU.Build.0 = Debug|Any CPU
		{637B799B-BA2C-4B3F-83EB-F96D9AB1F4AD}.Release|Any CPU.ActiveCfg = Release|Any CPU
		{637B799B-BA2C-4B3F-83EB-F96D9AB1F4AD}.Release|Any CPU.Build.0 = Release|Any CPU
		{89FD910A-5435-4132-8CE1-D08A40320650}.Debug|Any CPU.ActiveCfg = Debug|Any CPU
		{89FD910A-5435-4132-8CE1-D08A40320650}.Debug|Any CPU.Build.0 = Debug|Any CPU
		{89FD910A-5435-4132-8CE1-D08A40320650}.Release|Any CPU.ActiveCfg = Release|Any CPU
		{89FD910A-5435-4132-8CE1-D08A40320650}.Release|Any CPU.Build.0 = Release|Any CPU
		{849A99C3-9828-409B-B72E-6E7EE67430A3}.Debug|Any CPU.ActiveCfg = Debug|Any CPU
		{849A99C3-9828-409B-B72E-6E7EE67430A3}.Debug|Any CPU.Build.0 = Debug|Any CPU
		{849A99C3-9828-409B-B72E-6E7EE67430A3}.Release|Any CPU.ActiveCfg = Release|Any CPU
		{849A99C3-9828-409B-B72E-6E7EE67430A3}.Release|Any CPU.Build.0 = Release|Any CPU
		{5EAC2CBC-12A5-4FE1-9958-E31845EAA472}.Debug|Any CPU.ActiveCfg = Debug|Any CPU
		{5EAC2CBC-12A5-4FE1-9958-E31845EAA472}.Debug|Any CPU.Build.0 = Debug|Any CPU
		{5EAC2CBC-12A5-4FE1-9958-E31845EAA472}.Release|Any CPU.ActiveCfg = Release|Any CPU
		{5EAC2CBC-12A5-4FE1-9958-E31845EAA472}.Release|Any CPU.Build.0 = Release|Any CPU
		{31104D59-6D8D-459D-909C-BEAF6E189F77}.Debug|Any CPU.ActiveCfg = Debug|Any CPU
		{31104D59-6D8D-459D-909C-BEAF6E189F77}.Debug|Any CPU.Build.0 = Debug|Any CPU
		{31104D59-6D8D-459D-909C-BEAF6E189F77}.Release|Any CPU.ActiveCfg = Release|Any CPU
		{31104D59-6D8D-459D-909C-BEAF6E189F77}.Release|Any CPU.Build.0 = Release|Any CPU
		{DDEA248F-27E0-494C-906D-289877C56658}.Debug|Any CPU.ActiveCfg = Debug|Any CPU
		{DDEA248F-27E0-494C-906D-289877C56658}.Debug|Any CPU.Build.0 = Debug|Any CPU
		{DDEA248F-27E0-494C-906D-289877C56658}.Release|Any CPU.ActiveCfg = Release|Any CPU
		{DDEA248F-27E0-494C-906D-289877C56658}.Release|Any CPU.Build.0 = Release|Any CPU
	EndGlobalSection
	GlobalSection(SolutionProperties) = preSolution
		HideSolutionNode = FALSE
	EndGlobalSection
	GlobalSection(NestedProjects) = preSolution
		{96268CBF-1691-4FC1-A1F0-3D318BC39950} = {3C46DB4E-8277-4301-9A1A-A9E3DBB222EF}
		{8752429E-E681-4776-8A9A-FAB7DBE42F2A} = {3C46DB4E-8277-4301-9A1A-A9E3DBB222EF}
		{880CC344-1220-4399-98F7-63648E3C4830} = {3C46DB4E-8277-4301-9A1A-A9E3DBB222EF}
		{F08BFF16-FFBE-45F5-BC76-220B9DFD7FFF} = {FF93B06A-AAFE-4F0A-8FD0-0238CE22FEBE}
		{46BE97B1-BDC2-4F87-A114-BB66F47D9ABB} = {FF93B06A-AAFE-4F0A-8FD0-0238CE22FEBE}
		{F091333A-4BC7-4E57-A110-6FEC6AC96347} = {FF93B06A-AAFE-4F0A-8FD0-0238CE22FEBE}
		{2B7319AB-4259-4888-9914-71D85FE5E6F2} = {E2B7471F-7AF2-43CB-9E32-5483AD3D8406}
		{8849A011-D374-43B3-B11C-51BA7F66585F} = {E2B7471F-7AF2-43CB-9E32-5483AD3D8406}
		{302D4FF3-9BE2-46AD-AEDA-B122728CBD5B} = {E2B7471F-7AF2-43CB-9E32-5483AD3D8406}
		{637B799B-BA2C-4B3F-83EB-F96D9AB1F4AD} = {2DFD74E3-C619-4461-8003-11F30FEAC187}
		{89FD910A-5435-4132-8CE1-D08A40320650} = {2DFD74E3-C619-4461-8003-11F30FEAC187}
		{849A99C3-9828-409B-B72E-6E7EE67430A3} = {2DFD74E3-C619-4461-8003-11F30FEAC187}
		{5EAC2CBC-12A5-4FE1-9958-E31845EAA472} = {650BAD80-B8C7-43B6-92AA-8A491025F4E3}
		{31104D59-6D8D-459D-909C-BEAF6E189F77} = {650BAD80-B8C7-43B6-92AA-8A491025F4E3}
		{DDEA248F-27E0-494C-906D-289877C56658} = {650BAD80-B8C7-43B6-92AA-8A491025F4E3}
	EndGlobalSection
	GlobalSection(ExtensibilityGlobals) = postSolution
		SolutionGuid = {C91415A1-2EE5-4923-8350-C2EBB60F9F28}
	EndGlobalSection
EndGlobal
